// !$*UTF8*$!
{
	archiveVersion = 1;
	classes = {
	};
	objectVersion = 77;
	objects = {

/* Begin PBXContainerItemProxy section */
		D19CDC622F9A5E84008386A8 /* PBXContainerItemProxy */ = {
			isa = PBXContainerItemProxy;
			containerPortal = D19CDC482F9A5E83008386A8 /* Project object */;
			proxyType = 1;
			remoteGlobalIDString = D19CDC4F2F9A5E83008386A8;
			remoteInfo = AtividadesDeNivelamento;
		};
		D19CDC6C2F9A5E84008386A8 /* PBXContainerItemProxy */ = {
			isa = PBXContainerItemProxy;
			containerPortal = D19CDC482F9A5E83008386A8 /* Project object */;
			proxyType = 1;
			remoteGlobalIDString = D19CDC4F2F9A5E83008386A8;
			remoteInfo = AtividadesDeNivelamento;
		};
/* End PBXContainerItemProxy section */

/* Begin PBXFileReference section */
		D19CDC502F9A5E83008386A8 /* AtividadesDeNivelamento.app */ = {isa = PBXFileReference; explicitFileType = wrapper.application; includeInIndex = 0; path = AtividadesDeNivelamento.app; sourceTree = BUILT_PRODUCTS_DIR; };
		D19CDC612F9A5E84008386A8 /* AtividadesDeNivelamentoTests.xctest */ = {isa = PBXFileReference; explicitFileType = wrapper.cfbundle; includeInIndex = 0; path = AtividadesDeNivelamentoTests.xctest; sourceTree = BUILT_PRODUCTS_DIR; };
		D19CDC6B2F9A5E84008386A8 /* AtividadesDeNivelamentoUITests.xctest */ = {isa = PBXFileReference; explicitFileType = wrapper.cfbundle; includeInIndex = 0; path = AtividadesDeNivelamentoUITests.xctest; sourceTree = BUILT_PRODUCTS_DIR; };
/* End PBXFileReference section */

/* Begin PBXFileSystemSynchronizedBuildFileExceptionSet section */
		D19CDC732F9A5E84008386A8 /* Exceptions for "AtividadesDeNivelamento" folder in "AtividadesDeNivelamento" target */ = {
			isa = PBXFileSystemSynchronizedBuildFileExceptionSet;
			membershipExceptions = (
				Info.plist,
			);
			target = D19CDC4F2F9A5E83008386A8 /* AtividadesDeNivelamento */;
		};
/* End PBXFileSystemSynchronizedBuildFileExceptionSet section */

/* Begin PBXFileSystemSynchronizedRootGroup section */
		D19CDC522F9A5E83008386A8 /* AtividadesDeNivelamento */ = {
			isa = PBXFileSystemSynchronizedRootGroup;
			exceptions = (
				D19CDC732F9A5E84008386A8 /* Exceptions for "AtividadesDeNivelamento" folder in "AtividadesDeNivelamento" target */,
			);
			path = AtividadesDeNivelamento;
			sourceTree = "<group>";
		};
		D19CDC642F9A5E84008386A8 /* AtividadesDeNivelamentoTests */ = {
			isa = PBXFileSystemSynchronizedRootGroup;
			path = AtividadesDeNivelamentoTests;
			sourceTree = "<group>";
		};
		D19CDC6E2F9A5E84008386A8 /* AtividadesDeNivelamentoUITests */ = {
			isa = PBXFileSystemSynchronizedRootGroup;
			path = AtividadesDeNivelamentoUITests;
			sourceTree = "<group>";
		};
/* End PBXFileSystemSynchronizedRootGroup section */

/* Begin PBXFrameworksBuildPhase section */
		D19CDC4D2F9A5E83008386A8 /* Frameworks */ = {
			isa = PBXFrameworksBuildPhase;
			buildActionMask = 2147483647;
			files = (
			);
			runOnlyForDeploymentPostprocessing = 0;
		};
		D19CDC5E2F9A5E84008386A8 /* Frameworks */ = {
			isa = PBXFrameworksBuildPhase;
			buildActionMask = 2147483647;
			files = (
			);
			runOnlyForDeploymentPostprocessing = 0;
		};
		D19CDC682F9A5E84008386A8 /* Frameworks */ = {
			isa = PBXFrameworksBuildPhase;
			buildActionMask = 2147483647;
			files = (
			);
			runOnlyForDeploymentPostprocessing = 0;
		};
/* End PBXFrameworksBuildPhase section */

/* Begin PBXGroup section */
		D19CDC472F9A5E83008386A8 = {
			isa = PBXGroup;
			children = (
				D19CDC522F9A5E83008386A8 /* AtividadesDeNivelamento */,
				D19CDC642F9A5E84008386A8 /* AtividadesDeNivelamentoTests */,
				D19CDC6E2F9A5E84008386A8 /* AtividadesDeNivelamentoUITests */,
				D19CDC512F9A5E83008386A8 /* Products */,
			);
			sourceTree = "<group>";
		};
		D19CDC512F9A5E83008386A8 /* Products */ = {
			isa = PBXGroup;
			children = (
				D19CDC502F9A5E83008386A8 /* AtividadesDeNivelamento.app */,
				D19CDC612F9A5E84008386A8 /* AtividadesDeNivelamentoTests.xctest */,
				D19CDC6B2F9A5E84008386A8 /* AtividadesDeNivelamentoUITests.xctest */,
			);
			name = Products;
			sourceTree = "<group>";
		};
/* End PBXGroup section */

/* Begin PBXNativeTarget section */
		D19CDC4F2F9A5E83008386A8 /* AtividadesDeNivelamento */ = {
			isa = PBXNativeTarget;
			buildConfigurationList = D19CDC742F9A5E84008386A8 /* Build configuration list for PBXNativeTarget "AtividadesDeNivelamento" */;
			buildPhases = (
				D19CDC4C2F9A5E83008386A8 /* Sources */,
				D19CDC4D2F9A5E83008386A8 /* Frameworks */,
				D19CDC4E2F9A5E83008386A8 /* Resources */,
			);
			buildRules = (
			);
			dependencies = (
			);
			fileSystemSynchronizedGroups = (
				D19CDC522F9A5E83008386A8 /* AtividadesDeNivelamento */,
			);
			name = AtividadesDeNivelamento;
			packageProductDependencies = (
			);
			productName = AtividadesDeNivelamento;
			productReference = D19CDC502F9A5E83008386A8 /* AtividadesDeNivelamento.app */;
			productType = "com.apple.product-type.application";
		};
		D19CDC602F9A5E84008386A8 /* AtividadesDeNivelamentoTests */ = {
			isa = PBXNativeTarget;
			buildConfigurationList = D19CDC792F9A5E84008386A8 /* Build configuration list for PBXNativeTarget "AtividadesDeNivelamentoTests" */;
			buildPhases = (
				D19CDC5D2F9A5E84008386A8 /* Sources */,
				D19CDC5E2F9A5E84008386A8 /* Frameworks */,
				D19CDC5F2F9A5E84008386A8 /* Resources */,
			);
			buildRules = (
			);
			dependencies = (
				D19CDC632F9A5E84008386A8 /* PBXTargetDependency */,
			);
			fileSystemSynchronizedGroups = (
				D19CDC642F9A5E84008386A8 /* AtividadesDeNivelamentoTests */,
			);
			name = AtividadesDeNivelamentoTests;
			packageProductDependencies = (
			);
			productName = AtividadesDeNivelamentoTests;
			productReference = D19CDC612F9A5E84008386A8 /* AtividadesDeNivelamentoTests.xctest */;
			productType = "com.apple.product-type.bundle.unit-test";
		};
		D19CDC6A2F9A5E84008386A8 /* AtividadesDeNivelamentoUITests */ = {
			isa = PBXNativeTarget;
			buildConfigurationList = D19CDC7C2F9A5E84008386A8 /* Build configuration list for PBXNativeTarget "AtividadesDeNivelamentoUITests" */;
			buildPhases = (
				D19CDC672F9A5E84008386A8 /* Sources */,
				D19CDC682F9A5E84008386A8 /* Frameworks */,
				D19CDC692F9A5E84008386A8 /* Resources */,
			);
			buildRules = (
			);
			dependencies = (
				D19CDC6D2F9A5E84008386A8 /* PBXTargetDependency */,
			);
			fileSystemSynchronizedGroups = (
				D19CDC6E2F9A5E84008386A8 /* AtividadesDeNivelamentoUITests */,
			);
			name = AtividadesDeNivelamentoUITests;
			packageProductDependencies = (
			);
			productName = AtividadesDeNivelamentoUITests;
			productReference = D19CDC6B2F9A5E84008386A8 /* AtividadesDeNivelamentoUITests.xctest */;
			productType = "com.apple.product-type.bundle.ui-testing";
		};
/* End PBXNativeTarget section */

/* Begin PBXProject section */
		D19CDC482F9A5E83008386A8 /* Project object */ = {
			isa = PBXProject;
			attributes = {
				BuildIndependentTargetsInParallel = 1;
				LastSwiftUpdateCheck = 2630;
				LastUpgradeCheck = 2630;
				TargetAttributes = {
					D19CDC4F2F9A5E83008386A8 = {
						CreatedOnToolsVersion = 26.3;
					};
					D19CDC602F9A5E84008386A8 = {
						CreatedOnToolsVersion = 26.3;
						TestTargetID = D19CDC4F2F9A5E83008386A8;
					};
					D19CDC6A2F9A5E84008386A8 = {
						CreatedOnToolsVersion = 26.3;
						TestTargetID = D19CDC4F2F9A5E83008386A8;
					};
				};
			};
			buildConfigurationList = D19CDC4B2F9A5E83008386A8 /* Build configuration list for PBXProject "AtividadesDeNivelamento" */;
			developmentRegion = en;
			hasScannedForEncodings = 0;
			knownRegions = (
				en,
				Base,
			);
			mainGroup = D19CDC472F9A5E83008386A8;
			minimizedProjectReferenceProxies = 1;
			preferredProjectObjectVersion = 77;
			productRefGroup = D19CDC512F9A5E83008386A8 /* Products */;
			projectDirPath = "";
			projectRoot = "";
			targets = (
				D19CDC4F2F9A5E83008386A8 /* AtividadesDeNivelamento */,
				D19CDC602F9A5E84008386A8 /* AtividadesDeNivelamentoTests */,
				D19CDC6A2F9A5E84008386A8 /* AtividadesDeNivelamentoUITests */,
			);
		};
/* End PBXProject section */

/* Begin PBXResourcesBuildPhase section */
		D19CDC4E2F9A5E83008386A8 /* Resources */ = {
			isa = PBXResourcesBuildPhase;
			buildActionMask = 2147483647;
			files = (
			);
			runOnlyForDeploymentPostprocessing = 0;
		};
		D19CDC5F2F9A5E84008386A8 /* Resources */ = {
			isa = PBXResourcesBuildPhase;
			buildActionMask = 2147483647;
			files = (
			);
			runOnlyForDeploymentPostprocessing = 0;
		};
		D19CDC692F9A5E84008386A8 /* Resources */ = {
			isa = PBXResourcesBuildPhase;
			buildActionMask = 2147483647;
			files = (
			);
			runOnlyForDeploymentPostprocessing = 0;
		};
/* End PBXResourcesBuildPhase section */

/* Begin PBXSourcesBuildPhase section */
		D19CDC4C2F9A5E83008386A8 /* Sources */ = {
			isa = PBXSourcesBuildPhase;
			buildActionMask = 2147483647;
			files = (
			);
			runOnlyForDeploymentPostprocessing = 0;
		};
		D19CDC5D2F9A5E84008386A8 /* Sources */ = {
			isa = PBXSourcesBuildPhase;
			buildActionMask = 2147483647;
			files = (
			);
			runOnlyForDeploymentPostprocessing = 0;
		};
		D19CDC672F9A5E84008386A8 /* Sources */ = {
			isa = PBXSourcesBuildPhase;
			buildActionMask = 2147483647;
			files = (
			);
			runOnlyForDeploymentPostprocessing = 0;
		};
/* End PBXSourcesBuildPhase section */

/* Begin PBXTargetDependency section */
		D19CDC632F9A5E84008386A8 /* PBXTargetDependency */ = {
			isa = PBXTargetDependency;
			target = D19CDC4F2F9A5E83008386A8 /* AtividadesDeNivelamento */;
			targetProxy = D19CDC622F9A5E84008386A8 /* PBXContainerItemProxy */;
		};
		D19CDC6D2F9A5E84008386A8 /* PBXTargetDependency */ = {
			isa = PBXTargetDependency;
			target = D19CDC4F2F9A5E83008386A8 /* AtividadesDeNivelamento */;
			targetProxy = D19CDC6C2F9A5E84008386A8 /* PBXContainerItemProxy */;
		};
/* End PBXTargetDependency section */

/* Begin XCBuildConfiguration section */
		D19CDC752F9A5E84008386A8 /* Debug */ = {
			isa = XCBuildConfiguration;
			buildSettings = {
				ASSETCATALOG_COMPILER_APPICON_NAME = AppIcon;
				ASSETCATALOG_COMPILER_GLOBAL_ACCENT_COLOR_NAME = AccentColor;
				CODE_SIGN_ENTITLEMENTS = AtividadesDeNivelamento/AtividadesDeNivelamento.entitlements;
				CODE_SIGN_STYLE = Automatic;
				CURRENT_PROJECT_VERSION = 1;
				ENABLE_PREVIEWS = YES;
				GENERATE_INFOPLIST_FILE = YES;
				INFOPLIST_FILE = AtividadesDeNivelamento/Info.plist;
				INFOPLIST_KEY_UIApplicationSceneManifest_Generation = YES;
				INFOPLIST_KEY_UIApplicationSupportsIndirectInputEvents = YES;
				INFOPLIST_KEY_UILaunchScreen_Generation = YES;
				INFOPLIST_KEY_UISupportedInterfaceOrientations_iPad = "UIInterfaceOrientationPortrait UIInterfaceOrientationPortraitUpsideDown UIInterfaceOrientationLandscapeLeft UIInterfaceOrientationLandscapeRight";
				INFOPLIST_KEY_UISupportedInterfaceOrientations_iPhone = "UIInterfaceOrientationPortrait UIInterfaceOrientationLandscapeLeft UIInterfaceOrientationLandscapeRight";
				LD_RUNPATH_SEARCH_PATHS = (
					"$(inherited)",
					"@executable_path/Frameworks",
				);
				MARKETING_VERSION = 1.0;
				PRODUCT_BUNDLE_IDENTIFIER = Capgemini.AtividadesDeNivelamento;
				PRODUCT_NAME = "$(TARGET_NAME)";
				STRING_CATALOG_GENERATE_SYMBOLS = YES;
				SWIFT_APPROACHABLE_CONCURRENCY = YES;
				SWIFT_DEFAULT_ACTOR_ISOLATION = MainActor;
				SWIFT_EMIT_LOC_STRINGS = YES;
				SWIFT_UPCOMING_FEATURE_MEMBER_IMPORT_VISIBILITY = YES;
				SWIFT_VERSION = 5.0;
				TARGETED_DEVICE_FAMILY = "1,2";
			};
			name = Debug;
		};
		D19CDC762F9A5E84008386A8 /* Release */ = {
			isa = XCBuildConfiguration;
			buildSettings = {
				ASSETCATALOG_COMPILER_APPICON_NAME = AppIcon;
				ASSETCATALOG_COMPILER_GLOBAL_ACCENT_COLOR_NAME = AccentColor;
				CODE_SIGN_ENTITLEMENTS = AtividadesDeNivelamento/AtividadesDeNivelamento.entitlements;
				CODE_SIGN_STYLE = Automatic;
				CURRENT_PROJECT_VERSION = 1;
				ENABLE_PREVIEWS = YES;
				GENERATE_INFOPLIST_FILE = YES;
				INFOPLIST_FILE = AtividadesDeNivelamento/Info.plist;
				INFOPLIST_KEY_UIApplicationSceneManifest_Generation = YES;
				INFOPLIST_KEY_UIApplicationSupportsIndirectInputEvents = YES;
				INFOPLIST_KEY_UILaunchScreen_Generation = YES;
				INFOPLIST_KEY_UISupportedInterfaceOrientations_iPad = "UIInterfaceOrientationPortrait UIInterfaceOrientationPortraitUpsideDown UIInterfaceOrientationLandscapeLeft UIInterfaceOrientationLandscapeRight";
				INFOPLIST_KEY_UISupportedInterfaceOrientations_iPhone = "UIInterfaceOrientationPortrait UIInterfaceOrientationLandscapeLeft UIInterfaceOrientationLandscapeRight";
				LD_RUNPATH_SEARCH_PATHS = (
					"$(inherited)",
					"@executable_path/Frameworks",
				);
				MARKETING_VERSION = 1.0;
				PRODUCT_BUNDLE_IDENTIFIER = Capgemini.AtividadesDeNivelamento;
				PRODUCT_NAME = "$(TARGET_NAME)";
				STRING_CATALOG_GENERATE_SYMBOLS = YES;
				SWIFT_APPROACHABLE_CONCURRENCY = YES;
				SWIFT_DEFAULT_ACTOR_ISOLATION = MainActor;
				SWIFT_EMIT_LOC_STRINGS = YES;
				SWIFT_UPCOMING_FEATURE_MEMBER_IMPORT_VISIBILITY = YES;
				SWIFT_VERSION = 5.0;
				TARGETED_DEVICE_FAMILY = "1,2";
			};
			name = Release;
		};
		D19CDC772F9A5E84008386A8 /* Debug */ = {
			isa = XCBuildConfiguration;
			buildSettings = {
				ALWAYS_SEARCH_USER_PATHS = NO;
				ASSETCATALOG_COMPILER_GENERATE_SWIFT_ASSET_SYMBOL_EXTENSIONS = YES;
				CLANG_ANALYZER_NONNULL = YES;
				CLANG_ANALYZER_NUMBER_OBJECT_CONVERSION = YES_AGGRESSIVE;
				CLANG_CXX_LANGUAGE_STANDARD = "gnu++20";
				CLANG_ENABLE_MODULES = YES;
				CLANG_ENABLE_OBJC_ARC = YES;
				CLANG_ENABLE_OBJC_WEAK = YES;
				CLANG_WARN_BLOCK_CAPTURE_AUTORELEASING = YES;
				CLANG_WARN_BOOL_CONVERSION = YES;
				CLANG_WARN_COMMA = YES;
				CLANG_WARN_CONSTANT_CONVERSION = YES;
				CLANG_WARN_DEPRECATED_OBJC_IMPLEMENTATIONS = YES;
				CLANG_WARN_DIRECT_OBJC_ISA_USAGE = YES_ERROR;
				CLANG_WARN_DOCUMENTATION_COMMENTS = YES;
				CLANG_WARN_EMPTY_BODY = YES;
				CLANG_WARN_ENUM_CONVERSION = YES;
				CLANG_WARN_INFINITE_RECURSION = YES;
				CLANG_WARN_INT_CONVERSION = YES;
				CLANG_WARN_NON_LITERAL_NULL_CONVERSION = YES;
				CLANG_WARN_OBJC_IMPLICIT_RETAIN_SELF = YES;
				CLANG_WARN_OBJC_LITERAL_CONVERSION = YES;
				CLANG_WARN_OBJC_ROOT_CLASS = YES_ERROR;
				CLANG_WARN_QUOTED_INCLUDE_IN_FRAMEWORK_HEADER = YES;
				CLANG_WARN_RANGE_LOOP_ANALYSIS = YES;
				CLANG_WARN_STRICT_PROTOTYPES = YES;
				CLANG_WARN_SUSPICIOUS_MOVE = YES;
				CLANG_WARN_UNGUARDED_AVAILABILITY = YES_AGGRESSIVE;
				CLANG_WARN_UNREACHABLE_CODE = YES;
				CLANG_WARN__DUPLICATE_METHOD_MATCH = YES;
				COPY_PHASE_STRIP = NO;
				DEBUG_INFORMATION_FORMAT = dwarf;
				ENABLE_STRICT_OBJC_MSGSEND = YES;
				ENABLE_TESTABILITY = YES;
				ENABLE_USER_SCRIPT_SANDBOXING = YES;
				GCC_C_LANGUAGE_STANDARD = gnu17;
				GCC_DYNAMIC_NO_PIC = NO;
				GCC_NO_COMMON_BLOCKS = YES;
				GCC_OPTIMIZATION_LEVEL = 0;
				GCC_PREPROCESSOR_DEFINITIONS = (
					"DEBUG=1",
					"$(inherited)",
				);
				GCC_WARN_64_TO_32_BIT_CONVERSION = YES;
				GCC_WARN_ABOUT_RETURN_TYPE = YES_ERROR;
				GCC_WARN_UNDECLARED_SELECTOR = YES;
				GCC_WARN_UNINITIALIZED_AUTOS = YES_AGGRESSIVE;
				GCC_WARN_UNUSED_FUNCTION = YES;
				GCC_WARN_UNUSED_VARIABLE = YES;
				IPHONEOS_DEPLOYMENT_TARGET = 26.2;
				LOCALIZATION_PREFERS_STRING_CATALOGS = YES;
				MTL_ENABLE_DEBUG_INFO = INCLUDE_SOURCE;
				MTL_FAST_MATH = YES;
				ONLY_ACTIVE_ARCH = YES;
				SDKROOT = iphoneos;
				SWIFT_ACTIVE_COMPILATION_CONDITIONS = "DEBUG $(inherited)";
				SWIFT_OPTIMIZATION_LEVEL = "-Onone";
			};
			name = Debug;
		};
		D19CDC782F9A5E84008386A8 /* Release */ = {
			isa = XCBuildConfiguration;
			buildSettings = {
				ALWAYS_SEARCH_USER_PATHS = NO;
				ASSETCATALOG_COMPILER_GENERATE_SWIFT_ASSET_SYMBOL_EXTENSIONS = YES;
				CLANG_ANALYZER_NONNULL = YES;
				CLANG_ANALYZER_NUMBER_OBJECT_CONVERSION = YES_AGGRESSIVE;
				CLANG_CXX_LANGUAGE_STANDARD = "gnu++20";
				CLANG_ENABLE_MODULES = YES;
				CLANG_ENABLE_OBJC_ARC = YES;
				CLANG_ENABLE_OBJC_WEAK = YES;
				CLANG_WARN_BLOCK_CAPTURE_AUTORELEASING = YES;
				CLANG_WARN_BOOL_CONVERSION = YES;
				CLANG_WARN_COMMA = YES;
				CLANG_WARN_CONSTANT_CONVERSION = YES;
				CLANG_WARN_DEPRECATED_OBJC_IMPLEMENTATIONS = YES;
				CLANG_WARN_DIRECT_OBJC_ISA_USAGE = YES_ERROR;
				CLANG_WARN_DOCUMENTATION_COMMENTS = YES;
				CLANG_WARN_EMPTY_BODY = YES;
				CLANG_WARN_ENUM_CONVERSION = YES;
				CLANG_WARN_INFINITE_RECURSION = YES;
				CLANG_WARN_INT_CONVERSION = YES;
				CLANG_WARN_NON_LITERAL_NULL_CONVERSION = YES;
				CLANG_WARN_OBJC_IMPLICIT_RETAIN_SELF = YES;
				CLANG_WARN_OBJC_LITERAL_CONVERSION = YES;
				CLANG_WARN_OBJC_ROOT_CLASS = YES_ERROR;
				CLANG_WARN_QUOTED_INCLUDE_IN_FRAMEWORK_HEADER = YES;
				CLANG_WARN_RANGE_LOOP_ANALYSIS = YES;
				CLANG_WARN_STRICT_PROTOTYPES = YES;
				CLANG_WARN_SUSPICIOUS_MOVE = YES;
				CLANG_WARN_UNGUARDED_AVAILABILITY = YES_AGGRESSIVE;
				CLANG_WARN_UNREACHABLE_CODE = YES;
				CLANG_WARN__DUPLICATE_METHOD_MATCH = YES;
				COPY_PHASE_STRIP = NO;
				DEBUG_INFORMATION_FORMAT = "dwarf-with-dsym";
				ENABLE_NS_ASSERTIONS = NO;
				ENABLE_STRICT_OBJC_MSGSEND = YES;
				ENABLE_USER_SCRIPT_SANDBOXING = YES;
				GCC_C_LANGUAGE_STANDARD = gnu17;
				GCC_NO_COMMON_BLOCKS = YES;
				GCC_WARN_64_TO_32_BIT_CONVERSION = YES;
				GCC_WARN_ABOUT_RETURN_TYPE = YES_ERROR;
				GCC_WARN_UNDECLARED_SELECTOR = YES;
				GCC_WARN_UNINITIALIZED_AUTOS = YES_AGGRESSIVE;
				GCC_WARN_UNUSED_FUNCTION = YES;
				GCC_WARN_UNUSED_VARIABLE = YES;
				IPHONEOS_DEPLOYMENT_TARGET = 26.2;
				LOCALIZATION_PREFERS_STRING_CATALOGS = YES;
				MTL_ENABLE_DEBUG_INFO = NO;
				MTL_FAST_MATH = YES;
				SDKROOT = iphoneos;
				SWIFT_COMPILATION_MODE = wholemodule;
				VALIDATE_PRODUCT = YES;
			};
			name = Release;
		};
		D19CDC7A2F9A5E84008386A8 /* Debug */ = {
			isa = XCBuildConfiguration;
			buildSettings = {
				BUNDLE_LOADER = "$(TEST_HOST)";
				CODE_SIGN_STYLE = Automatic;
				CURRENT_PROJECT_VERSION = 1;
				GENERATE_INFOPLIST_FILE = YES;
				IPHONEOS_DEPLOYMENT_TARGET = 26.2;
				MARKETING_VERSION = 1.0;
				PRODUCT_BUNDLE_IDENTIFIER = Capgemini.AtividadesDeNivelamentoTests;
				PRODUCT_NAME = "$(TARGET_NAME)";
				STRING_CATALOG_GENERATE_SYMBOLS = NO;
				SWIFT_APPROACHABLE_CONCURRENCY = YES;
				SWIFT_EMIT_LOC_STRINGS = NO;
				SWIFT_UPCOMING_FEATURE_MEMBER_IMPORT_VISIBILITY = YES;
				SWIFT_VERSION = 5.0;
				TARGETED_DEVICE_FAMILY = "1,2";
				TEST_HOST = "$(BUILT_PRODUCTS_DIR)/AtividadesDeNivelamento.app/$(BUNDLE_EXECUTABLE_FOLDER_PATH)/AtividadesDeNivelamento";
			};
			name = Debug;
		};
		D19CDC7B2F9A5E84008386A8 /* Release */ = {
			isa = XCBuildConfiguration;
			buildSettings = {
				BUNDLE_LOADER = "$(TEST_HOST)";
				CODE_SIGN_STYLE = Automatic;
				CURRENT_PROJECT_VERSION = 1;
				GENERATE_INFOPLIST_FILE = YES;
				IPHONEOS_DEPLOYMENT_TARGET = 26.2;
				MARKETING_VERSION = 1.0;
				PRODUCT_BUNDLE_IDENTIFIER = Capgemini.AtividadesDeNivelamentoTests;
				PRODUCT_NAME = "$(TARGET_NAME)";
				STRING_CATALOG_GENERATE_SYMBOLS = NO;
				SWIFT_APPROACHABLE_CONCURRENCY = YES;
				SWIFT_EMIT_LOC_STRINGS = NO;
				SWIFT_UPCOMING_FEATURE_MEMBER_IMPORT_VISIBILITY = YES;
				SWIFT_VERSION = 5.0;
				TARGETED_DEVICE_FAMILY = "1,2";
				TEST_HOST = "$(BUILT_PRODUCTS_DIR)/AtividadesDeNivelamento.app/$(BUNDLE_EXECUTABLE_FOLDER_PATH)/AtividadesDeNivelamento";
			};
			name = Release;
		};
		D19CDC7D2F9A5E84008386A8 /* Debug */ = {
			isa = XCBuildConfiguration;
			buildSettings = {
				CODE_SIGN_STYLE = Automatic;
				CURRENT_PROJECT_VERSION = 1;
				GENERATE_INFOPLIST_FILE = YES;
				MARKETING_VERSION = 1.0;
				PRODUCT_BUNDLE_IDENTIFIER = Capgemini.AtividadesDeNivelamentoUITests;
				PRODUCT_NAME = "$(TARGET_NAME)";
				STRING_CATALOG_GENERATE_SYMBOLS = NO;
				SWIFT_APPROACHABLE_CONCURRENCY = YES;
				SWIFT_EMIT_LOC_STRINGS = NO;
				SWIFT_UPCOMING_FEATURE_MEMBER_IMPORT_VISIBILITY = YES;
				SWIFT_VERSION = 5.0;
				TARGETED_DEVICE_FAMILY = "1,2";
				TEST_TARGET_NAME = AtividadesDeNivelamento;
			};
			name = Debug;
		};
		D19CDC7E2F9A5E84008386A8 /* Release */ = {
			isa = XCBuildConfiguration;
			buildSettings = {
				CODE_SIGN_STYLE = Automatic;
				CURRENT_PROJECT_VERSION = 1;
				GENERATE_INFOPLIST_FILE = YES;
				MARKETING_VERSION = 1.0;
				PRODUCT_BUNDLE_IDENTIFIER = Capgemini.AtividadesDeNivelamentoUITests;
				PRODUCT_NAME = "$(TARGET_NAME)";
				STRING_CATALOG_GENERATE_SYMBOLS = NO;
				SWIFT_APPROACHABLE_CONCURRENCY = YES;
				SWIFT_EMIT_LOC_STRINGS = NO;
				SWIFT_UPCOMING_FEATURE_MEMBER_IMPORT_VISIBILITY = YES;
				SWIFT_VERSION = 5.0;
				TARGETED_DEVICE_FAMILY = "1,2";
				TEST_TARGET_NAME = AtividadesDeNivelamento;
			};
			name = Release;
		};
/* End XCBuildConfiguration section */

/* Begin XCConfigurationList section */
		D19CDC4B2F9A5E83008386A8 /* Build configuration list for PBXProject "AtividadesDeNivelamento" */ = {
			isa = XCConfigurationList;
			buildConfigurations = (
				D19CDC772F9A5E84008386A8 /* Debug */,
				D19CDC782F9A5E84008386A8 /* Release */,
			);
			defaultConfigurationIsVisible = 0;
			defaultConfigurationName = Release;
		};
		D19CDC742F9A5E84008386A8 /* Build configuration list for PBXNativeTarget "AtividadesDeNivelamento" */ = {
			isa = XCConfigurationList;
			buildConfigurations = (
				D19CDC752F9A5E84008386A8 /* Debug */,
				D19CDC762F9A5E84008386A8 /* Release */,
			);
			defaultConfigurationIsVisible = 0;
			defaultConfigurationName = Release;
		};
		D19CDC792F9A5E84008386A8 /* Build configuration list for PBXNativeTarget "AtividadesDeNivelamentoTests" */ = {
			isa = XCConfigurationList;
			buildConfigurations = (
				D19CDC7A2F9A5E84008386A8 /* Debug */,
				D19CDC7B2F9A5E84008386A8 /* Release */,
			);
			defaultConfigurationIsVisible = 0;
			defaultConfigurationName = Release;
		};
		D19CDC7C2F9A5E84008386A8 /* Build configuration list for PBXNativeTarget "AtividadesDeNivelamentoUITests" */ = {
			isa = XCConfigurationList;
			buildConfigurations = (
				D19CDC7D2F9A5E84008386A8 /* Debug */,
				D19CDC7E2F9A5E84008386A8 /* Release */,
			);
			defaultConfigurationIsVisible = 0;
			defaultConfigurationName = Release;
		};
/* End XCConfigurationList section */
	};
	rootObject = D19CDC482F9A5E83008386A8 /* Project object */;
}
